{
  "requires": true,
  "lockfileVersion": 1,
  "dependencies": {
    "@types/geojson": {
      "version": "7946.0.4",
      "resolved": "https://registry.npmjs.org/@types/geojson/-/geojson-7946.0.4.tgz",
      "integrity": "sha512-MHmwBtCb7OCv1DSivz2UNJXPGU/1btAWRKlqJ2saEhVJkpkvqHMMaOpKg0v4sAbDWSQekHGvPVMM8nQ+Jen03Q=="
    },
    "@types/jquery": {
      "version": "3.3.22",
      "resolved": "https://registry.npmjs.org/@types/jquery/-/jquery-3.3.22.tgz",
      "integrity": "sha512-a4JDcIhJhHYnoWCkG3xT2CZxXZeA92JeREESorg0DMQ3ZsjuKF48h7XK4l5Gl2GRa/ItGRpKMT0pyK88yRgqXQ==",
      "requires": {
        "@types/sizzle": "*"
      }
    },
    "@types/leaflet": {
      "version": "1.2.14",
      "resolved": "https://registry.npmjs.org/@types/leaflet/-/leaflet-1.2.14.tgz",
      "integrity": "sha512-acP2w5DygY0V7bwmjFmaen5I2iBl8RkWx9kon1IJA7k9mNFgBb6702WApjZSrM4AG1ucJVxFcTlS6nr4HvahEw==",
      "requires": {
        "@types/geojson": "*"
      }
    },
    "@types/sizzle": {
      "version": "2.3.2",
      "resolved": "https://registry.npmjs.org/@types/sizzle/-/sizzle-2.3.2.tgz",
      "integrity": "sha512-7EJYyKTL7tFR8+gDbB6Wwz/arpGa0Mywk1TJbNzKzHtzbwVmY4HR9WqS5VV7dsBUKQmPNr192jHr/VpBluj/hg=="
    }
  }
}
